
Microsoft Visual Studio Solution File, Format Version 12.00
# Visual Studio Version 16
VisualStudioVersion = 16.0.32126.315
MinimumVisualStudioVersion = 10.0.40219.1
Project("{FAE04EC0-301F-11D3-BF4B-00C04F79EFBC}") = "ConsoleApp1", "ConsoleApp1.csproj", "{623A02D4-91D0-4195-B6F7-106488E63C74}"
EndProject
Global
	GlobalSection(SolutionConfigurationPlatforms) = preSolution
		Debug|Any CPU = Debug|Any CPU
		Release|Any CPU = Release|Any CPU
	EndGlobalSection
	GlobalSection(ProjectConfigurationPlatforms) = postSolution
		{623A02D4-91D0-4195-B6F7-106488E63C74}.Debug|Any CPU.ActiveCfg = Debug|Any CPU
		{623A02D4-91D0-4195-B6F7-106488E63C74}.Debug|Any CPU.Build.0 = Debug|Any CPU
		{623A02D4-91D0-4195-B6F7-106488E63C74}.Release|Any CPU.ActiveCfg = Release|Any CPU
		{623A02D4-91D0-4195-B6F7-106488E63C74}.Release|Any CPU.Build.0 = Release|Any CPU
	EndGlobalSection
	GlobalSection(SolutionProperties) = preSolution
		HideSolutionNode = FALSE
	EndGlobalSection
	GlobalSection(ExtensibilityGlobals) = postSolution
		SolutionGuid = {FC11F275-22D4-4912-A6D8-D3773B239D42}
	EndGlobalSection
EndGlobal
